<?xml version="1.0" encoding="utf-8"?>
<Project ToolsVersion="4.0" xmlns="http://schemas.microsoft.com/developer/msbuild/2003">
  <ItemGroup>
    <Filter Include="Odin">
      <UniqueIdentifier>{CF188A7C-BB4F-8B0D-643C-71105052070F}</UniqueIdentifier>
    </Filter>
  </ItemGroup>
  <ItemGroup>
    <ClInclude Include="src\Odin.h" />
    <ClInclude Include="src\Odin\Application.h">
      <Filter>Odin</Filter>
    </ClInclude>
    <ClInclude Include="src\Odin\Core.h">
      <Filter>Odin</Filter>
    </ClInclude>
    <ClInclude Include="src\Odin\EntryPoint.h">
      <Filter>Odin</Filter>
    </ClInclude>
    <ClInclude Include="src\Odin\Log.h">
      <Filter>Odin</Filter>
    </ClInclude>
  </ItemGroup>
  <ItemGroup>
    <ClCompile Include="src\Odin\Application.cpp">
      <Filter>Odin</Filter>
    </ClCompile>
    <ClCompile Include="src\Odin\Core.cpp">
      <Filter>Odin</Filter>
    </ClCompile>
    <ClCompile Include="src\Odin\Log.cpp">
      <Filter>Odin</Filter>
    </ClCompile>
  </ItemGroup>
</Project>